
Microsoft Visual Studio Solution File, Format Version 12.00
# Visual Studio Version 16
VisualStudioVersion = 16.0.30320.27
MinimumVisualStudioVersion = 10.0.40219.1
Project("{FAE04EC0-301F-11D3-BF4B-00C04F79EFBC}") = "Filmez.UWP", "Filmez\Filmez.UWP\Filmez.UWP.csproj", "{A3ECA7F6-9E10-4954-8FDE-94C946647E6F}"
EndProject
Project("{FAE04EC0-301F-11D3-BF4B-00C04F79EFBC}") = "Filmez.Android", "Filmez\Filmez.Android\Filmez.Android.csproj", "{54294619-0DF2-4B88-A10D-0E267FC913DE}"
EndProject
Project("{FAE04EC0-301F-11D3-BF4B-00C04F79EFBC}") = "Filmez.iOS", "Filmez\Filmez.iOS\Filmez.iOS.csproj", "{DBFE9ADC-1219-44F3-BEBA-7EF38E32437E}"
EndProject
Project("{FAE04EC0-301F-11D3-BF4B-00C04F79EFBC}") = "Filmez", "Filmez\Filmez\Filmez.csproj", "{EA2087D5-2015-44F3-B069-205DA118D4E9}"
EndProject
Global
	GlobalSection(SolutionConfigurationPlatforms) = preSolution
		Debug|Any CPU = Debug|Any CPU
		Debug|ARM = Debug|ARM
		Debug|iPhone = Debug|iPhone
		Debug|iPhoneSimulator = Debug|iPhoneSimulator
		Debug|x64 = Debug|x64
		Debug|x86 = Debug|x86
		Release|Any CPU = Release|Any CPU
		Release|ARM = Release|ARM
		Release|iPhone = Release|iPhone
		Release|iPhoneSimulator = Release|iPhoneSimulator
		Release|x64 = Release|x64
		Release|x86 = Release|x86
	EndGlobalSection
	GlobalSection(ProjectConfigurationPlatforms) = postSolution
		{A3ECA7F6-9E10-4954-8FDE-94C946647E6F}.Debug|Any CPU.ActiveCfg = Debug|x86
		{A3ECA7F6-9E10-4954-8FDE-94C946647E6F}.Debug|Any CPU.Build.0 = Debug|x86
		{A3ECA7F6-9E10-4954-8FDE-94C946647E6F}.Debug|Any CPU.Deploy.0 = Debug|x86
		{A3ECA7F6-9E10-4954-8FDE-94C946647E6F}.Debug|ARM.ActiveCfg = Debug|ARM
		{A3ECA7F6-9E10-4954-8FDE-94C946647E6F}.Debug|ARM.Build.0 = Debug|ARM
		{A3ECA7F6-9E10-4954-8FDE-94C946647E6F}.Debug|ARM.Deploy.0 = Debug|ARM
		{A3ECA7F6-9E10-4954-8FDE-94C946647E6F}.Debug|iPhone.ActiveCfg = Debug|x86
		{A3ECA7F6-9E10-4954-8FDE-94C946647E6F}.Debug|iPhone.Build.0 = Debug|x86
		{A3ECA7F6-9E10-4954-8FDE-94C946647E6F}.Debug|iPhone.Deploy.0 = Debug|x86
		{A3ECA7F6-9E10-4954-8FDE-94C946647E6F}.Debug|iPhoneSimulator.ActiveCfg = Debug|x86
		{A3ECA7F6-9E10-4954-8FDE-94C946647E6F}.Debug|iPhoneSimulator.Build.0 = Debug|x86
		{A3ECA7F6-9E10-4954-8FDE-94C946647E6F}.Debug|iPhoneSimulator.Deploy.0 = Debug|x86
		{A3ECA7F6-9E10-4954-8FDE-94C946647E6F}.Debug|x64.ActiveCfg = Debug|x64
		{A3ECA7F6-9E10-4954-8FDE-94C946647E6F}.Debug|x64.Build.0 = Debug|x64
		{A3ECA7F6-9E10-4954-8FDE-94C946647E6F}.Debug|x64.Deploy.0 = Debug|x64
		{A3ECA7F6-9E10-4954-8FDE-94C946647E6F}.Debug|x86.ActiveCfg = Debug|x86
		{A3ECA7F6-9E10-4954-8FDE-94C946647E6F}.Debug|x86.Build.0 = Debug|x86
		{A3ECA7F6-9E10-4954-8FDE-94C946647E6F}.Debug|x86.Deploy.0 = Debug|x86
		{A3ECA7F6-9E10-4954-8FDE-94C946647E6F}.Release|Any CPU.ActiveCfg = Release|x86
		{A3ECA7F6-9E10-4954-8FDE-94C946647E6F}.Release|Any CPU.Build.0 = Release|x86
		{A3ECA7F6-9E10-4954-8FDE-94C946647E6F}.Release|Any CPU.Deploy.0 = Release|x86
		{A3ECA7F6-9E10-4954-8FDE-94C946647E6F}.Release|ARM.ActiveCfg = Release|ARM
		{A3ECA7F6-9E10-4954-8FDE-94C946647E6F}.Release|ARM.Build.0 = Release|ARM
		{A3ECA7F6-9E10-4954-8FDE-94C946647E6F}.Release|ARM.Deploy.0 = Release|ARM
		{A3ECA7F6-9E10-4954-8FDE-94C946647E6F}.Release|iPhone.ActiveCfg = Release|x86
		{A3ECA7F6-9E10-4954-8FDE-94C946647E6F}.Release|iPhone.Build.0 = Release|x86
		{A3ECA7F6-9E10-4954-8FDE-94C946647E6F}.Release|iPhone.Deploy.0 = Release|x86
		{A3ECA7F6-9E10-4954-8FDE-94C946647E6F}.Release|iPhoneSimulator.ActiveCfg = Release|x86
		{A3ECA7F6-9E10-4954-8FDE-94C946647E6F}.Release|iPhoneSimulator.Build.0 = Release|x86
		{A3ECA7F6-9E10-4954-8FDE-94C946647E6F}.Release|iPhoneSimulator.Deploy.0 = Release|x86
		{A3ECA7F6-9E10-4954-8FDE-94C946647E6F}.Release|x64.ActiveCfg = Release|x64
		{A3ECA7F6-9E10-4954-8FDE-94C946647E6F}.Release|x64.Build.0 = Release|x64
		{A3ECA7F6-9E10-4954-8FDE-94C946647E6F}.Release|x64.Deploy.0 = Release|x64
		{A3ECA7F6-9E10-4954-8FDE-94C946647E6F}.Release|x86.ActiveCfg = Release|x86
		{A3ECA7F6-9E10-4954-8FDE-94C946647E6F}.Release|x86.Build.0 = Release|x86
		{A3ECA7F6-9E10-4954-8FDE-94C946647E6F}.Release|x86.Deploy.0 = Release|x86
		{54294619-0DF2-4B88-A10D-0E267FC913DE}.Debug|Any CPU.ActiveCfg = Debug|Any CPU
		{54294619-0DF2-4B88-A10D-0E267FC913DE}.Debug|Any CPU.Build.0 = Debug|Any CPU
		{54294619-0DF2-4B88-A10D-0E267FC913DE}.Debug|Any CPU.Deploy.0 = Debug|Any CPU
		{54294619-0DF2-4B88-A10D-0E267FC913DE}.Debug|ARM.ActiveCfg = Debug|Any CPU
		{54294619-0DF2-4B88-A10D-0E267FC913DE}.Debug|ARM.Build.0 = Debug|Any CPU
		{54294619-0DF2-4B88-A10D-0E267FC913DE}.Debug|ARM.Deploy.0 = Debug|Any CPU
		{54294619-0DF2-4B88-A10D-0E267FC913DE}.Debug|iPhone.ActiveCfg = Debug|Any CPU
		{54294619-0DF2-4B88-A10D-0E267FC913DE}.Debug|iPhone.Build.0 = Debug|Any CPU
		{54294619-0DF2-4B88-A10D-0E267FC913DE}.Debug|iPhone.Deploy.0 = Debug|Any CPU
		{54294619-0DF2-4B88-A10D-0E267FC913DE}.Debug|iPhoneSimulator.ActiveCfg = Debug|Any CPU
		{54294619-0DF2-4B88-A10D-0E267FC913DE}.Debug|iPhoneSimulator.Build.0 = Debug|Any CPU
		{54294619-0DF2-4B88-A10D-0E267FC913DE}.Debug|iPhoneSimulator.Deploy.0 = Debug|Any CPU
		{54294619-0DF2-4B88-A10D-0E267FC913DE}.Debug|x64.ActiveCfg = Debug|Any CPU
		{54294619-0DF2-4B88-A10D-0E267FC913DE}.Debug|x64.Build.0 = Debug|Any CPU
		{54294619-0DF2-4B88-A10D-0E267FC913DE}.Debug|x64.Deploy.0 = Debug|Any CPU
		{54294619-0DF2-4B88-A10D-0E267FC913DE}.Debug|x86.ActiveCfg = Debug|Any CPU
		{54294619-0DF2-4B88-A10D-0E267FC913DE}.Debug|x86.Build.0 = Debug|Any CPU
		{54294619-0DF2-4B88-A10D-0E267FC913DE}.Debug|x86.Deploy.0 = Debug|Any CPU
		{54294619-0DF2-4B88-A10D-0E267FC913DE}.Release|Any CPU.ActiveCfg = Release|Any CPU
		{54294619-0DF2-4B88-A10D-0E267FC913DE}.Release|Any CPU.Build.0 = Release|Any CPU
		{54294619-0DF2-4B88-A10D-0E267FC913DE}.Release|Any CPU.Deploy.0 = Release|Any CPU
		{54294619-0DF2-4B88-A10D-0E267FC913DE}.Release|ARM.ActiveCfg = Release|Any CPU
		{54294619-0DF2-4B88-A10D-0E267FC913DE}.Release|ARM.Build.0 = Release|Any CPU
		{54294619-0DF2-4B88-A10D-0E267FC913DE}.Release|ARM.Deploy.0 = Release|Any CPU
		{54294619-0DF2-4B88-A10D-0E267FC913DE}.Release|iPhone.ActiveCfg = Release|Any CPU
		{54294619-0DF2-4B88-A10D-0E267FC913DE}.Release|iPhone.Build.0 = Release|Any CPU
		{54294619-0DF2-4B88-A10D-0E267FC913DE}.Release|iPhone.Deploy.0 = Release|Any CPU
		{54294619-0DF2-4B88-A10D-0E267FC913DE}.Release|iPhoneSimulator.ActiveCfg = Release|Any CPU
		{54294619-0DF2-4B88-A10D-0E267FC913DE}.Release|iPhoneSimulator.Build.0 = Release|Any CPU
		{54294619-0DF2-4B88-A10D-0E267FC913DE}.Release|iPhoneSimulator.Deploy.0 = Release|Any CPU
		{54294619-0DF2-4B88-A10D-0E267FC913DE}.Release|x64.ActiveCfg = Release|Any CPU
		{54294619-0DF2-4B88-A10D-0E267FC913DE}.Release|x64.Build.0 = Release|Any CPU
		{54294619-0DF2-4B88-A10D-0E267FC913DE}.Release|x64.Deploy.0 = Release|Any CPU
		{54294619-0DF2-4B88-A10D-0E267FC913DE}.Release|x86.ActiveCfg = Release|Any CPU
		{54294619-0DF2-4B88-A10D-0E267FC913DE}.Release|x86.Build.0 = Release|Any CPU
		{54294619-0DF2-4B88-A10D-0E267FC913DE}.Release|x86.Deploy.0 = Release|Any CPU
		{DBFE9ADC-1219-44F3-BEBA-7EF38E32437E}.Debug|Any CPU.ActiveCfg = Debug|iPhone
		{DBFE9ADC-1219-44F3-BEBA-7EF38E32437E}.Debug|Any CPU.Build.0 = Debug|iPhone
		{DBFE9ADC-1219-44F3-BEBA-7EF38E32437E}.Debug|Any CPU.Deploy.0 = Debug|iPhone
		{DBFE9ADC-1219-44F3-BEBA-7EF38E32437E}.Debug|ARM.ActiveCfg = Debug|iPhone
		{DBFE9ADC-1219-44F3-BEBA-7EF38E32437E}.Debug|ARM.Build.0 = Debug|iPhone
		{DBFE9ADC-1219-44F3-BEBA-7EF38E32437E}.Debug|ARM.Deploy.0 = Debug|iPhone
		{DBFE9ADC-1219-44F3-BEBA-7EF38E32437E}.Debug|iPhone.ActiveCfg = Debug|iPhone
		{DBFE9ADC-1219-44F3-BEBA-7EF38E32437E}.Debug|iPhone.Build.0 = Debug|iPhone
		{DBFE9ADC-1219-44F3-BEBA-7EF38E32437E}.Debug|iPhone.Deploy.0 = Debug|iPhone
		{DBFE9ADC-1219-44F3-BEBA-7EF38E32437E}.Debug|iPhoneSimulator.ActiveCfg = Debug|iPhoneSimulator
		{DBFE9ADC-1219-44F3-BEBA-7EF38E32437E}.Debug|iPhoneSimulator.Build.0 = Debug|iPhoneSimulator
		{DBFE9ADC-1219-44F3-BEBA-7EF38E32437E}.Debug|iPhoneSimulator.Deploy.0 = Debug|iPhoneSimulator
		{DBFE9ADC-1219-44F3-BEBA-7EF38E32437E}.Debug|x64.ActiveCfg = Debug|iPhone
		{DBFE9ADC-1219-44F3-BEBA-7EF38E32437E}.Debug|x64.Build.0 = Debug|iPhone
		{DBFE9ADC-1219-44F3-BEBA-7EF38E32437E}.Debug|x64.Deploy.0 = Debug|iPhone
		{DBFE9ADC-1219-44F3-BEBA-7EF38E32437E}.Debug|x86.ActiveCfg = Debug|iPhone
		{DBFE9ADC-1219-44F3-BEBA-7EF38E32437E}.Debug|x86.Build.0 = Debug|iPhone
		{DBFE9ADC-1219-44F3-BEBA-7EF38E32437E}.Debug|x86.Deploy.0 = Debug|iPhone
		{DBFE9ADC-1219-44F3-BEBA-7EF38E32437E}.Release|Any CPU.ActiveCfg = Release|iPhone
		{DBFE9ADC-1219-44F3-BEBA-7EF38E32437E}.Release|Any CPU.Build.0 = Release|iPhone
		{DBFE9ADC-1219-44F3-BEBA-7EF38E32437E}.Release|Any CPU.Deploy.0 = Release|iPhone
		{DBFE9ADC-1219-44F3-BEBA-7EF38E32437E}.Release|ARM.ActiveCfg = Release|iPhone
		{DBFE9ADC-1219-44F3-BEBA-7EF38E32437E}.Release|ARM.Build.0 = Release|iPhone
		{DBFE9ADC-1219-44F3-BEBA-7EF38E32437E}.Release|ARM.Deploy.0 = Release|iPhone
		{DBFE9ADC-1219-44F3-BEBA-7EF38E32437E}.Release|iPhone.ActiveCfg = Release|iPhone
		{DBFE9ADC-1219-44F3-BEBA-7EF38E32437E}.Release|iPhone.Build.0 = Release|iPhone
		{DBFE9ADC-1219-44F3-BEBA-7EF38E32437E}.Release|iPhone.Deploy.0 = Release|iPhone
		{DBFE9ADC-1219-44F3-BEBA-7EF38E32437E}.Release|iPhoneSimulator.ActiveCfg = Release|iPhoneSimulator
		{DBFE9ADC-1219-44F3-BEBA-7EF38E32437E}.Release|iPhoneSimulator.Build.0 = Release|iPhoneSimulator
		{DBFE9ADC-1219-44F3-BEBA-7EF38E32437E}.Release|iPhoneSimulator.Deploy.0 = Release|iPhoneSimulator
		{DBFE9ADC-1219-44F3-BEBA-7EF38E32437E}.Release|x64.ActiveCfg = Release|iPhone
		{DBFE9ADC-1219-44F3-BEBA-7EF38E32437E}.Release|x64.Build.0 = Release|iPhone
		{DBFE9ADC-1219-44F3-BEBA-7EF38E32437E}.Release|x64.Deploy.0 = Release|iPhone
		{DBFE9ADC-1219-44F3-BEBA-7EF38E32437E}.Release|x86.ActiveCfg = Release|iPhone
		{DBFE9ADC-1219-44F3-BEBA-7EF38E32437E}.Release|x86.Build.0 = Release|iPhone
		{DBFE9ADC-1219-44F3-BEBA-7EF38E32437E}.Release|x86.Deploy.0 = Release|iPhone
		{EA2087D5-2015-44F3-B069-205DA118D4E9}.Debug|Any CPU.ActiveCfg = Debug|Any CPU
		{EA2087D5-2015-44F3-B069-205DA118D4E9}.Debug|Any CPU.Build.0 = Debug|Any CPU
		{EA2087D5-2015-44F3-B069-205DA118D4E9}.Debug|Any CPU.Deploy.0 = Debug|Any CPU
		{EA2087D5-2015-44F3-B069-205DA118D4E9}.Debug|ARM.ActiveCfg = Debug|Any CPU
		{EA2087D5-2015-44F3-B069-205DA118D4E9}.Debug|ARM.Build.0 = Debug|Any CPU
		{EA2087D5-2015-44F3-B069-205DA118D4E9}.Debug|ARM.Deploy.0 = Debug|Any CPU
		{EA2087D5-2015-44F3-B069-205DA118D4E9}.Debug|iPhone.ActiveCfg = Debug|Any CPU
		{EA2087D5-2015-44F3-B069-205DA118D4E9}.Debug|iPhone.Build.0 = Debug|Any CPU
		{EA2087D5-2015-44F3-B069-205DA118D4E9}.Debug|iPhone.Deploy.0 = Debug|Any CPU
		{EA2087D5-2015-44F3-B069-205DA118D4E9}.Debug|iPhoneSimulator.ActiveCfg = Debug|Any CPU
		{EA2087D5-2015-44F3-B069-205DA118D4E9}.Debug|iPhoneSimulator.Build.0 = Debug|Any CPU
		{EA2087D5-2015-44F3-B069-205DA118D4E9}.Debug|iPhoneSimulator.Deploy.0 = Debug|Any CPU
		{EA2087D5-2015-44F3-B069-205DA118D4E9}.Debug|x64.ActiveCfg = Debug|Any CPU
		{EA2087D5-2015-44F3-B069-205DA118D4E9}.Debug|x64.Build.0 = Debug|Any CPU
		{EA2087D5-2015-44F3-B069-205DA118D4E9}.Debug|x64.Deploy.0 = Debug|Any CPU
		{EA2087D5-2015-44F3-B069-205DA118D4E9}.Debug|x86.ActiveCfg = Debug|Any CPU
		{EA2087D5-2015-44F3-B069-205DA118D4E9}.Debug|x86.Build.0 = Debug|Any CPU
		{EA2087D5-2015-44F3-B069-205DA118D4E9}.Debug|x86.Deploy.0 = Debug|Any CPU
		{EA2087D5-2015-44F3-B069-205DA118D4E9}.Release|Any CPU.ActiveCfg = Release|Any CPU
		{EA2087D5-2015-44F3-B069-205DA118D4E9}.Release|Any CPU.Build.0 = Release|Any CPU
		{EA2087D5-2015-44F3-B069-205DA118D4E9}.Release|Any CPU.Deploy.0 = Release|Any CPU
		{EA2087D5-2015-44F3-B069-205DA118D4E9}.Release|ARM.ActiveCfg = Release|Any CPU
		{EA2087D5-2015-44F3-B069-205DA118D4E9}.Release|ARM.Build.0 = Release|Any CPU
		{EA2087D5-2015-44F3-B069-205DA118D4E9}.Release|ARM.Deploy.0 = Release|Any CPU
		{EA2087D5-2015-44F3-B069-205DA118D4E9}.Release|iPhone.ActiveCfg = Release|Any CPU
		{EA2087D5-2015-44F3-B069-205DA118D4E9}.Release|iPhone.Build.0 = Release|Any CPU
		{EA2087D5-2015-44F3-B069-205DA118D4E9}.Release|iPhone.Deploy.0 = Release|Any CPU
		{EA2087D5-2015-44F3-B069-205DA118D4E9}.Release|iPhoneSimulator.ActiveCfg = Release|Any CPU
		{EA2087D5-2015-44F3-B069-205DA118D4E9}.Release|iPhoneSimulator.Build.0 = Release|Any CPU
		{EA2087D5-2015-44F3-B069-205DA118D4E9}.Release|iPhoneSimulator.Deploy.0 = Release|Any CPU
		{EA2087D5-2015-44F3-B069-205DA118D4E9}.Release|x64.ActiveCfg = Release|Any CPU
		{EA2087D5-2015-44F3-B069-205DA118D4E9}.Release|x64.Build.0 = Release|Any CPU
		{EA2087D5-2015-44F3-B069-205DA118D4E9}.Release|x64.Deploy.0 = Release|Any CPU
		{EA2087D5-2015-44F3-B069-205DA118D4E9}.Release|x86.ActiveCfg = Release|Any CPU
		{EA2087D5-2015-44F3-B069-205DA118D4E9}.Release|x86.Build.0 = Release|Any CPU
		{EA2087D5-2015-44F3-B069-205DA118D4E9}.Release|x86.Deploy.0 = Release|Any CPU
	EndGlobalSection
	GlobalSection(SolutionProperties) = preSolution
		HideSolutionNode = FALSE
	EndGlobalSection
	GlobalSection(ExtensibilityGlobals) = postSolution
		SolutionGuid = {5B6D714A-2609-4648-996F-63895B578609}
	EndGlobalSection
EndGlobal
